
Microsoft Visual Studio Solution File, Format Version 12.00
# Visual Studio 2013
VisualStudioVersion = 12.0.31101.0
MinimumVisualStudioVersion = 10.0.40219.1
Project("{FAE04EC0-301F-11D3-BF4B-00C04F79EFBC}") = "CommonServices.Core", "CommonServices.Core\CommonServices.Core.csproj", "{B7725D1F-3E35-4757-A2E2-F2EE1B113B8C}"
EndProject
Project("{FAE04EC0-301F-11D3-BF4B-00C04F79EFBC}") = "CommonServices.Infrastructure", "CommonServices.Infrastructure\CommonServices.Infrastructure.csproj", "{5B5679EB-3424-48B8-9809-DCBFE9AA24AC}"
EndProject
Project("{FAE04EC0-301F-11D3-BF4B-00C04F79EFBC}") = "CommonServices.Infrastructure.Tests", "CommonServices.Infrastructure.Tests\CommonServices.Infrastructure.Tests.csproj", "{2D282FAA-E19B-4E51-BD23-40BF1FE096C8}"
EndProject
Global
	GlobalSection(SolutionConfigurationPlatforms) = preSolution
		Debug|Any CPU = Debug|Any CPU
		Release|Any CPU = Release|Any CPU
	EndGlobalSection
	GlobalSection(ProjectConfigurationPlatforms) = postSolution
		{B7725D1F-3E35-4757-A2E2-F2EE1B113B8C}.Debug|Any CPU.ActiveCfg = Debug|Any CPU
		{B7725D1F-3E35-4757-A2E2-F2EE1B113B8C}.Debug|Any CPU.Build.0 = Debug|Any CPU
		{B7725D1F-3E35-4757-A2E2-F2EE1B113B8C}.Release|Any CPU.ActiveCfg = Release|Any CPU
		{B7725D1F-3E35-4757-A2E2-F2EE1B113B8C}.Release|Any CPU.Build.0 = Release|Any CPU
		{5B5679EB-3424-48B8-9809-DCBFE9AA24AC}.Debug|Any CPU.ActiveCfg = Debug|Any CPU
		{5B5679EB-3424-48B8-9809-DCBFE9AA24AC}.Debug|Any CPU.Build.0 = Debug|Any CPU
		{5B5679EB-3424-48B8-9809-DCBFE9AA24AC}.Release|Any CPU.ActiveCfg = Release|Any CPU
		{5B5679EB-3424-48B8-9809-DCBFE9AA24AC}.Release|Any CPU.Build.0 = Release|Any CPU
		{2D282FAA-E19B-4E51-BD23-40BF1FE096C8}.Debug|Any CPU.ActiveCfg = Debug|Any CPU
		{2D282FAA-E19B-4E51-BD23-40BF1FE096C8}.Debug|Any CPU.Build.0 = Debug|Any CPU
		{2D282FAA-E19B-4E51-BD23-40BF1FE096C8}.Release|Any CPU.ActiveCfg = Release|Any CPU
		{2D282FAA-E19B-4E51-BD23-40BF1FE096C8}.Release|Any CPU.Build.0 = Release|Any CPU
	EndGlobalSection
	GlobalSection(SolutionProperties) = preSolution
		HideSolutionNode = FALSE
	EndGlobalSection
EndGlobal
